
Microsoft Visual Studio Solution File, Format Version 12.00
# Visual Studio 2013
VisualStudioVersion = 12.0.31101.0
MinimumVisualStudioVersion = 10.0.40219.1
Project("{FAE04EC0-301F-11D3-BF4B-00C04F79EFBC}") = "MiniWamp", "MiniWamp\MiniWamp.csproj", "{3123F44F-D7F7-44D4-B4BA-8C016515382F}"
EndProject
Project("{FAE04EC0-301F-11D3-BF4B-00C04F79EFBC}") = "MiniWampTests", "MiniWampTests\MiniWampTests.csproj", "{AE8DBA3A-7502-493C-82CD-AE826CC066E5}"
EndProject
Project("{FAE04EC0-301F-11D3-BF4B-00C04F79EFBC}") = "MiniWamp.Net45", "MiniWamp\MiniWamp.Net45.csproj", "{8BE00577-A86F-4C73-BFE6-AB4EEA42C9BE}"
EndProject
Global
	GlobalSection(SolutionConfigurationPlatforms) = preSolution
		Debug|Any CPU = Debug|Any CPU
		Debug|ARM = Debug|ARM
		Debug|Mixed Platforms = Debug|Mixed Platforms
		Debug|x64 = Debug|x64
		Debug|x86 = Debug|x86
		Net45|Any CPU = Net45|Any CPU
		Net45|ARM = Net45|ARM
		Net45|Mixed Platforms = Net45|Mixed Platforms
		Net45|x64 = Net45|x64
		Net45|x86 = Net45|x86
		Release|Any CPU = Release|Any CPU
		Release|ARM = Release|ARM
		Release|Mixed Platforms = Release|Mixed Platforms
		Release|x64 = Release|x64
		Release|x86 = Release|x86
	EndGlobalSection
	GlobalSection(ProjectConfigurationPlatforms) = postSolution
		{3123F44F-D7F7-44D4-B4BA-8C016515382F}.Debug|Any CPU.ActiveCfg = Debug|Any CPU
		{3123F44F-D7F7-44D4-B4BA-8C016515382F}.Debug|Any CPU.Build.0 = Debug|Any CPU
		{3123F44F-D7F7-44D4-B4BA-8C016515382F}.Debug|ARM.ActiveCfg = Debug|ARM
		{3123F44F-D7F7-44D4-B4BA-8C016515382F}.Debug|ARM.Build.0 = Debug|ARM
		{3123F44F-D7F7-44D4-B4BA-8C016515382F}.Debug|Mixed Platforms.ActiveCfg = Debug|x86
		{3123F44F-D7F7-44D4-B4BA-8C016515382F}.Debug|Mixed Platforms.Build.0 = Debug|x86
		{3123F44F-D7F7-44D4-B4BA-8C016515382F}.Debug|x64.ActiveCfg = Debug|x64
		{3123F44F-D7F7-44D4-B4BA-8C016515382F}.Debug|x64.Build.0 = Debug|x64
		{3123F44F-D7F7-44D4-B4BA-8C016515382F}.Debug|x86.ActiveCfg = Debug|x86
		{3123F44F-D7F7-44D4-B4BA-8C016515382F}.Debug|x86.Build.0 = Debug|x86
		{3123F44F-D7F7-44D4-B4BA-8C016515382F}.Net45|Any CPU.ActiveCfg = Net45|Any CPU
		{3123F44F-D7F7-44D4-B4BA-8C016515382F}.Net45|Any CPU.Build.0 = Net45|Any CPU
		{3123F44F-D7F7-44D4-B4BA-8C016515382F}.Net45|ARM.ActiveCfg = Net45|ARM
		{3123F44F-D7F7-44D4-B4BA-8C016515382F}.Net45|ARM.Build.0 = Net45|ARM
		{3123F44F-D7F7-44D4-B4BA-8C016515382F}.Net45|Mixed Platforms.ActiveCfg = Net45|x86
		{3123F44F-D7F7-44D4-B4BA-8C016515382F}.Net45|Mixed Platforms.Build.0 = Net45|x86
		{3123F44F-D7F7-44D4-B4BA-8C016515382F}.Net45|x64.ActiveCfg = Net45|x64
		{3123F44F-D7F7-44D4-B4BA-8C016515382F}.Net45|x64.Build.0 = Net45|x64
		{3123F44F-D7F7-44D4-B4BA-8C016515382F}.Net45|x86.ActiveCfg = Net45|x86
		{3123F44F-D7F7-44D4-B4BA-8C016515382F}.Release|Any CPU.ActiveCfg = Release|Any CPU
		{3123F44F-D7F7-44D4-B4BA-8C016515382F}.Release|Any CPU.Build.0 = Release|Any CPU
		{3123F44F-D7F7-44D4-B4BA-8C016515382F}.Release|ARM.ActiveCfg = Release|ARM
		{3123F44F-D7F7-44D4-B4BA-8C016515382F}.Release|ARM.Build.0 = Release|ARM
		{3123F44F-D7F7-44D4-B4BA-8C016515382F}.Release|Mixed Platforms.ActiveCfg = Release|x86
		{3123F44F-D7F7-44D4-B4BA-8C016515382F}.Release|Mixed Platforms.Build.0 = Release|x86
		{3123F44F-D7F7-44D4-B4BA-8C016515382F}.Release|x64.ActiveCfg = Release|x64
		{3123F44F-D7F7-44D4-B4BA-8C016515382F}.Release|x64.Build.0 = Release|x64
		{3123F44F-D7F7-44D4-B4BA-8C016515382F}.Release|x86.ActiveCfg = Release|x86
		{3123F44F-D7F7-44D4-B4BA-8C016515382F}.Release|x86.Build.0 = Release|x86
		{AE8DBA3A-7502-493C-82CD-AE826CC066E5}.Debug|Any CPU.ActiveCfg = Debug|Any CPU
		{AE8DBA3A-7502-493C-82CD-AE826CC066E5}.Debug|Any CPU.Build.0 = Debug|Any CPU
		{AE8DBA3A-7502-493C-82CD-AE826CC066E5}.Debug|Any CPU.Deploy.0 = Debug|Any CPU
		{AE8DBA3A-7502-493C-82CD-AE826CC066E5}.Debug|ARM.ActiveCfg = Debug|ARM
		{AE8DBA3A-7502-493C-82CD-AE826CC066E5}.Debug|ARM.Build.0 = Debug|ARM
		{AE8DBA3A-7502-493C-82CD-AE826CC066E5}.Debug|ARM.Deploy.0 = Debug|ARM
		{AE8DBA3A-7502-493C-82CD-AE826CC066E5}.Debug|Mixed Platforms.ActiveCfg = Debug|x86
		{AE8DBA3A-7502-493C-82CD-AE826CC066E5}.Debug|Mixed Platforms.Build.0 = Debug|x86
		{AE8DBA3A-7502-493C-82CD-AE826CC066E5}.Debug|Mixed Platforms.Deploy.0 = Debug|x86
		{AE8DBA3A-7502-493C-82CD-AE826CC066E5}.Debug|x64.ActiveCfg = Debug|x64
		{AE8DBA3A-7502-493C-82CD-AE826CC066E5}.Debug|x64.Build.0 = Debug|x64
		{AE8DBA3A-7502-493C-82CD-AE826CC066E5}.Debug|x64.Deploy.0 = Debug|x64
		{AE8DBA3A-7502-493C-82CD-AE826CC066E5}.Debug|x86.ActiveCfg = Debug|x86
		{AE8DBA3A-7502-493C-82CD-AE826CC066E5}.Debug|x86.Build.0 = Debug|x86
		{AE8DBA3A-7502-493C-82CD-AE826CC066E5}.Debug|x86.Deploy.0 = Debug|x86
		{AE8DBA3A-7502-493C-82CD-AE826CC066E5}.Net45|Any CPU.ActiveCfg = Net45|Any CPU
		{AE8DBA3A-7502-493C-82CD-AE826CC066E5}.Net45|Any CPU.Build.0 = Net45|Any CPU
		{AE8DBA3A-7502-493C-82CD-AE826CC066E5}.Net45|Any CPU.Deploy.0 = Net45|Any CPU
		{AE8DBA3A-7502-493C-82CD-AE826CC066E5}.Net45|ARM.ActiveCfg = Net45|ARM
		{AE8DBA3A-7502-493C-82CD-AE826CC066E5}.Net45|ARM.Build.0 = Net45|ARM
		{AE8DBA3A-7502-493C-82CD-AE826CC066E5}.Net45|ARM.Deploy.0 = Net45|ARM
		{AE8DBA3A-7502-493C-82CD-AE826CC066E5}.Net45|Mixed Platforms.ActiveCfg = Net45|x86
		{AE8DBA3A-7502-493C-82CD-AE826CC066E5}.Net45|Mixed Platforms.Build.0 = Net45|x86
		{AE8DBA3A-7502-493C-82CD-AE826CC066E5}.Net45|Mixed Platforms.Deploy.0 = Net45|x86
		{AE8DBA3A-7502-493C-82CD-AE826CC066E5}.Net45|x64.ActiveCfg = Net45|x64
		{AE8DBA3A-7502-493C-82CD-AE826CC066E5}.Net45|x64.Build.0 = Net45|x64
		{AE8DBA3A-7502-493C-82CD-AE826CC066E5}.Net45|x64.Deploy.0 = Net45|x64
		{AE8DBA3A-7502-493C-82CD-AE826CC066E5}.Net45|x86.ActiveCfg = Net45|x86
		{AE8DBA3A-7502-493C-82CD-AE826CC066E5}.Release|Any CPU.ActiveCfg = Release|Any CPU
		{AE8DBA3A-7502-493C-82CD-AE826CC066E5}.Release|ARM.ActiveCfg = Release|ARM
		{AE8DBA3A-7502-493C-82CD-AE826CC066E5}.Release|ARM.Build.0 = Release|ARM
		{AE8DBA3A-7502-493C-82CD-AE826CC066E5}.Release|ARM.Deploy.0 = Release|ARM
		{AE8DBA3A-7502-493C-82CD-AE826CC066E5}.Release|Mixed Platforms.ActiveCfg = Release|x86
		{AE8DBA3A-7502-493C-82CD-AE826CC066E5}.Release|Mixed Platforms.Build.0 = Release|x86
		{AE8DBA3A-7502-493C-82CD-AE826CC066E5}.Release|Mixed Platforms.Deploy.0 = Release|x86
		{AE8DBA3A-7502-493C-82CD-AE826CC066E5}.Release|x64.ActiveCfg = Release|x64
		{AE8DBA3A-7502-493C-82CD-AE826CC066E5}.Release|x64.Build.0 = Release|x64
		{AE8DBA3A-7502-493C-82CD-AE826CC066E5}.Release|x64.Deploy.0 = Release|x64
		{AE8DBA3A-7502-493C-82CD-AE826CC066E5}.Release|x86.ActiveCfg = Release|x86
		{AE8DBA3A-7502-493C-82CD-AE826CC066E5}.Release|x86.Build.0 = Release|x86
		{AE8DBA3A-7502-493C-82CD-AE826CC066E5}.Release|x86.Deploy.0 = Release|x86
		{8BE00577-A86F-4C73-BFE6-AB4EEA42C9BE}.Debug|Any CPU.ActiveCfg = Debug|Any CPU
		{8BE00577-A86F-4C73-BFE6-AB4EEA42C9BE}.Debug|Any CPU.Build.0 = Debug|Any CPU
		{8BE00577-A86F-4C73-BFE6-AB4EEA42C9BE}.Debug|ARM.ActiveCfg = Debug|Any CPU
		{8BE00577-A86F-4C73-BFE6-AB4EEA42C9BE}.Debug|Mixed Platforms.ActiveCfg = Debug|Any CPU
		{8BE00577-A86F-4C73-BFE6-AB4EEA42C9BE}.Debug|Mixed Platforms.Build.0 = Debug|Any CPU
		{8BE00577-A86F-4C73-BFE6-AB4EEA42C9BE}.Debug|x64.ActiveCfg = Debug|Any CPU
		{8BE00577-A86F-4C73-BFE6-AB4EEA42C9BE}.Debug|x86.ActiveCfg = Debug|Any CPU
		{8BE00577-A86F-4C73-BFE6-AB4EEA42C9BE}.Net45|Any CPU.ActiveCfg = Net45|Any CPU
		{8BE00577-A86F-4C73-BFE6-AB4EEA42C9BE}.Net45|ARM.ActiveCfg = Net45|Any CPU
		{8BE00577-A86F-4C73-BFE6-AB4EEA42C9BE}.Net45|Mixed Platforms.ActiveCfg = Net45|Any CPU
		{8BE00577-A86F-4C73-BFE6-AB4EEA42C9BE}.Net45|Mixed Platforms.Build.0 = Net45|Any CPU
		{8BE00577-A86F-4C73-BFE6-AB4EEA42C9BE}.Net45|x64.ActiveCfg = Net45|Any CPU
		{8BE00577-A86F-4C73-BFE6-AB4EEA42C9BE}.Net45|x86.ActiveCfg = Net45|Any CPU
		{8BE00577-A86F-4C73-BFE6-AB4EEA42C9BE}.Net45|x86.Build.0 = Net45|Any CPU
		{8BE00577-A86F-4C73-BFE6-AB4EEA42C9BE}.Release|Any CPU.ActiveCfg = Release|Any CPU
		{8BE00577-A86F-4C73-BFE6-AB4EEA42C9BE}.Release|Any CPU.Build.0 = Release|Any CPU
		{8BE00577-A86F-4C73-BFE6-AB4EEA42C9BE}.Release|ARM.ActiveCfg = Release|Any CPU
		{8BE00577-A86F-4C73-BFE6-AB4EEA42C9BE}.Release|Mixed Platforms.ActiveCfg = Release|Any CPU
		{8BE00577-A86F-4C73-BFE6-AB4EEA42C9BE}.Release|Mixed Platforms.Build.0 = Release|Any CPU
		{8BE00577-A86F-4C73-BFE6-AB4EEA42C9BE}.Release|x64.ActiveCfg = Release|Any CPU
		{8BE00577-A86F-4C73-BFE6-AB4EEA42C9BE}.Release|x86.ActiveCfg = Release|Any CPU
	EndGlobalSection
	GlobalSection(SolutionProperties) = preSolution
		HideSolutionNode = FALSE
	EndGlobalSection
EndGlobal
